
Microsoft Visual Studio Solution File, Format Version 12.00
# Visual Studio Version 17
VisualStudioVersion = 17.0.32014.148
MinimumVisualStudioVersion = 10.0.40219.1
Project("{9A19103F-16F7-4668-BE54-9A1E7A4F7556}") = "Berger.Extensions.IO", "Berger.Extensions.IO\Berger.Extensions.IO.csproj", "{FA9A0E6F-55ED-4241-B3EC-BB75F2491415}"
EndProject
Project("{2150E333-8FDC-42A3-9474-1A3956D46DE8}") = "Source", "Source", "{E87ED731-9412-4E78-8A93-500836F6915C}"
EndProject
Project("{2150E333-8FDC-42A3-9474-1A3956D46DE8}") = "Build", "Build", "{D238966E-EDB8-4798-AF27-CA9194E8A052}"
	ProjectSection(SolutionItems) = preProject
		..\build\Berger.Extensions.IO.yml = ..\build\Berger.Extensions.IO.yml
	EndProjectSection
EndProject
Global
	GlobalSection(SolutionConfigurationPlatforms) = preSolution
		Debug|Any CPU = Debug|Any CPU
		Release|Any CPU = Release|Any CPU
	EndGlobalSection
	GlobalSection(ProjectConfigurationPlatforms) = postSolution
		{FA9A0E6F-55ED-4241-B3EC-BB75F2491415}.Debug|Any CPU.ActiveCfg = Debug|Any CPU
		{FA9A0E6F-55ED-4241-B3EC-BB75F2491415}.Debug|Any CPU.Build.0 = Debug|Any CPU
		{FA9A0E6F-55ED-4241-B3EC-BB75F2491415}.Release|Any CPU.ActiveCfg = Release|Any CPU
		{FA9A0E6F-55ED-4241-B3EC-BB75F2491415}.Release|Any CPU.Build.0 = Release|Any CPU
	EndGlobalSection
	GlobalSection(SolutionProperties) = preSolution
		HideSolutionNode = FALSE
	EndGlobalSection
	GlobalSection(NestedProjects) = preSolution
		{FA9A0E6F-55ED-4241-B3EC-BB75F2491415} = {E87ED731-9412-4E78-8A93-500836F6915C}
	EndGlobalSection
	GlobalSection(ExtensibilityGlobals) = postSolution
		SolutionGuid = {e8cfc443-ecdd-4e1c-93cf-c4f4a49f7185}
	EndGlobalSection
EndGlobal
